
Microsoft Visual Studio Solution File, Format Version 12.00
# Visual Studio 15
Project("{FAE04EC0-301F-11D3-BF4B-00C04F79EFBC}") = "RazorPagesMovie", "RazorPagesMovie\RazorPagesMovie.csproj", "{5BBC79F4-92AC-4107-BB43-C596A6DC2BBF}"
EndProject
Global
	GlobalSection(SolutionConfigurationPlatforms) = preSolution
		Debug|Any CPU = Debug|Any CPU
		Release|Any CPU = Release|Any CPU
	EndGlobalSection
	GlobalSection(ProjectConfigurationPlatforms) = postSolution
		{5BBC79F4-92AC-4107-BB43-C596A6DC2BBF}.Debug|Any CPU.ActiveCfg = Debug|Any CPU
		{5BBC79F4-92AC-4107-BB43-C596A6DC2BBF}.Debug|Any CPU.Build.0 = Debug|Any CPU
		{5BBC79F4-92AC-4107-BB43-C596A6DC2BBF}.Release|Any CPU.ActiveCfg = Release|Any CPU
		{5BBC79F4-92AC-4107-BB43-C596A6DC2BBF}.Release|Any CPU.Build.0 = Release|Any CPU
	EndGlobalSection
EndGlobal
